
Microsoft Visual Studio Solution File, Format Version 12.00
# Visual Studio Version 16
VisualStudioVersion = 16.0.30907.101
MinimumVisualStudioVersion = 10.0.40219.1
Project("{2150E333-8FDC-42A3-9474-1A3956D46DE8}") = "src", "src", "{E941566E-9564-4CAB-82C5-B4E1EFDB2B5C}"
EndProject
Project("{2150E333-8FDC-42A3-9474-1A3956D46DE8}") = "test", "test", "{D9238B42-5F0A-4B43-B909-888FA1C1781C}"
EndProject
Project("{9A19103F-16F7-4668-BE54-9A1E7A4F7556}") = "exceltowiki", "src\exceltowiki\exceltowiki.csproj", "{D1336DD8-DFB1-49BF-8834-A466610B8D29}"
EndProject
Project("{9A19103F-16F7-4668-BE54-9A1E7A4F7556}") = "exceltowiki.Test", "test\exceltowiki.Test\exceltowiki.Test.csproj", "{DCAEE022-66CB-457B-91D5-BAFC8D7F8840}"
EndProject
Project("{9A19103F-16F7-4668-BE54-9A1E7A4F7556}") = "ExcelAdaptor", "src\ExcelAdaptor\ExcelAdaptor.csproj", "{A208B18E-634B-45EA-8096-BE90079E40F6}"
EndProject
Project("{9A19103F-16F7-4668-BE54-9A1E7A4F7556}") = "WikiAdaptor", "src\WikiAdaptor\WikiAdaptor.csproj", "{F7F6E9E0-A56C-40F0-9403-8B25F7714265}"
EndProject
Project("{9A19103F-16F7-4668-BE54-9A1E7A4F7556}") = "ExcelAdaptor.Test", "test\ExcelAdaptor.Test\ExcelAdaptor.Test.csproj", "{9E20D564-1544-436C-B40B-3F322728DC88}"
EndProject
Global
	GlobalSection(SolutionConfigurationPlatforms) = preSolution
		Debug|Any CPU = Debug|Any CPU
		Release|Any CPU = Release|Any CPU
	EndGlobalSection
	GlobalSection(ProjectConfigurationPlatforms) = postSolution
		{D1336DD8-DFB1-49BF-8834-A466610B8D29}.Debug|Any CPU.ActiveCfg = Debug|Any CPU
		{D1336DD8-DFB1-49BF-8834-A466610B8D29}.Debug|Any CPU.Build.0 = Debug|Any CPU
		{D1336DD8-DFB1-49BF-8834-A466610B8D29}.Release|Any CPU.ActiveCfg = Release|Any CPU
		{D1336DD8-DFB1-49BF-8834-A466610B8D29}.Release|Any CPU.Build.0 = Release|Any CPU
		{DCAEE022-66CB-457B-91D5-BAFC8D7F8840}.Debug|Any CPU.ActiveCfg = Debug|Any CPU
		{DCAEE022-66CB-457B-91D5-BAFC8D7F8840}.Debug|Any CPU.Build.0 = Debug|Any CPU
		{DCAEE022-66CB-457B-91D5-BAFC8D7F8840}.Release|Any CPU.ActiveCfg = Release|Any CPU
		{DCAEE022-66CB-457B-91D5-BAFC8D7F8840}.Release|Any CPU.Build.0 = Release|Any CPU
		{A208B18E-634B-45EA-8096-BE90079E40F6}.Debug|Any CPU.ActiveCfg = Debug|Any CPU
		{A208B18E-634B-45EA-8096-BE90079E40F6}.Debug|Any CPU.Build.0 = Debug|Any CPU
		{A208B18E-634B-45EA-8096-BE90079E40F6}.Release|Any CPU.ActiveCfg = Release|Any CPU
		{A208B18E-634B-45EA-8096-BE90079E40F6}.Release|Any CPU.Build.0 = Release|Any CPU
		{F7F6E9E0-A56C-40F0-9403-8B25F7714265}.Debug|Any CPU.ActiveCfg = Debug|Any CPU
		{F7F6E9E0-A56C-40F0-9403-8B25F7714265}.Debug|Any CPU.Build.0 = Debug|Any CPU
		{F7F6E9E0-A56C-40F0-9403-8B25F7714265}.Release|Any CPU.ActiveCfg = Release|Any CPU
		{F7F6E9E0-A56C-40F0-9403-8B25F7714265}.Release|Any CPU.Build.0 = Release|Any CPU
		{9E20D564-1544-436C-B40B-3F322728DC88}.Debug|Any CPU.ActiveCfg = Debug|Any CPU
		{9E20D564-1544-436C-B40B-3F322728DC88}.Debug|Any CPU.Build.0 = Debug|Any CPU
		{9E20D564-1544-436C-B40B-3F322728DC88}.Release|Any CPU.ActiveCfg = Release|Any CPU
		{9E20D564-1544-436C-B40B-3F322728DC88}.Release|Any CPU.Build.0 = Release|Any CPU
	EndGlobalSection
	GlobalSection(SolutionProperties) = preSolution
		HideSolutionNode = FALSE
	EndGlobalSection
	GlobalSection(NestedProjects) = preSolution
		{D1336DD8-DFB1-49BF-8834-A466610B8D29} = {E941566E-9564-4CAB-82C5-B4E1EFDB2B5C}
		{DCAEE022-66CB-457B-91D5-BAFC8D7F8840} = {D9238B42-5F0A-4B43-B909-888FA1C1781C}
		{A208B18E-634B-45EA-8096-BE90079E40F6} = {E941566E-9564-4CAB-82C5-B4E1EFDB2B5C}
		{F7F6E9E0-A56C-40F0-9403-8B25F7714265} = {E941566E-9564-4CAB-82C5-B4E1EFDB2B5C}
		{9E20D564-1544-436C-B40B-3F322728DC88} = {D9238B42-5F0A-4B43-B909-888FA1C1781C}
	EndGlobalSection
	GlobalSection(ExtensibilityGlobals) = postSolution
		SolutionGuid = {09CE36E1-1FA9-48E3-9E3C-765DAB942A83}
	EndGlobalSection
EndGlobal
