
Microsoft Visual Studio Solution File, Format Version 12.00
# Visual Studio Version 16
VisualStudioVersion = 16.0.30907.101
MinimumVisualStudioVersion = 10.0.40219.1
Project("{FAE04EC0-301F-11D3-BF4B-00C04F79EFBC}") = "exceltowiki", "src\exceltowiki.csproj", "{0835138E-49D0-4DA1-99F7-C5EBCEE675AD}"
EndProject
Project("{2150E333-8FDC-42A3-9474-1A3956D46DE8}") = "src", "src", "{E941566E-9564-4CAB-82C5-B4E1EFDB2B5C}"
EndProject
Project("{2150E333-8FDC-42A3-9474-1A3956D46DE8}") = "test", "test", "{D9238B42-5F0A-4B43-B909-888FA1C1781C}"
EndProject
Project("{2150E333-8FDC-42A3-9474-1A3956D46DE8}") = "input", "input", "{CA93B6DB-14BE-4FDE-A637-B5013178869F}"
	ProjectSection(SolutionItems) = preProject
		test\input\API-metadata.xlsx = test\input\API-metadata.xlsx
	EndProjectSection
EndProject
Project("{2150E333-8FDC-42A3-9474-1A3956D46DE8}") = "output", "output", "{F41A1A89-5C4E-42CD-BB01-DB98CD79FC69}"
EndProject
Global
	GlobalSection(SolutionConfigurationPlatforms) = preSolution
		Debug|Any CPU = Debug|Any CPU
		Release|Any CPU = Release|Any CPU
	EndGlobalSection
	GlobalSection(ProjectConfigurationPlatforms) = postSolution
		{0835138E-49D0-4DA1-99F7-C5EBCEE675AD}.Debug|Any CPU.ActiveCfg = Debug|Any CPU
		{0835138E-49D0-4DA1-99F7-C5EBCEE675AD}.Debug|Any CPU.Build.0 = Debug|Any CPU
		{0835138E-49D0-4DA1-99F7-C5EBCEE675AD}.Release|Any CPU.ActiveCfg = Release|Any CPU
		{0835138E-49D0-4DA1-99F7-C5EBCEE675AD}.Release|Any CPU.Build.0 = Release|Any CPU
	EndGlobalSection
	GlobalSection(SolutionProperties) = preSolution
		HideSolutionNode = FALSE
	EndGlobalSection
	GlobalSection(NestedProjects) = preSolution
		{0835138E-49D0-4DA1-99F7-C5EBCEE675AD} = {E941566E-9564-4CAB-82C5-B4E1EFDB2B5C}
		{CA93B6DB-14BE-4FDE-A637-B5013178869F} = {D9238B42-5F0A-4B43-B909-888FA1C1781C}
		{F41A1A89-5C4E-42CD-BB01-DB98CD79FC69} = {D9238B42-5F0A-4B43-B909-888FA1C1781C}
	EndGlobalSection
	GlobalSection(ExtensibilityGlobals) = postSolution
		SolutionGuid = {09CE36E1-1FA9-48E3-9E3C-765DAB942A83}
	EndGlobalSection
EndGlobal
